
Microsoft Visual Studio Solution File, Format Version 12.00
# Visual Studio Version 17
VisualStudioVersion = 17.0.31903.59
MinimumVisualStudioVersion = 10.0.40219.1
Project("{2150E333-8FDC-42A3-9474-1A3956D46DE8}") = "Solution Items", "Solution Items", "{57A2D197-02BA-4730-89EF-B462D8F70744}"
	ProjectSection(SolutionItems) = preProject
		.editorconfig = .editorconfig
		CHANGELOG.md = CHANGELOG.md
		LICENSE.md = LICENSE.md
		README.md = README.md
	EndProjectSection
EndProject
Project("{9A19103F-16F7-4668-BE54-9A1E7A4F7556}") = "Machina", "Machina\Machina.csproj", "{640B1760-6F06-4455-82C0-3027A2CEFC49}"
EndProject
Project("{9A19103F-16F7-4668-BE54-9A1E7A4F7556}") = "Machina.FFXIV", "Machina.FFXIV\Machina.FFXIV.csproj", "{8873397E-0B05-49E4-8F48-55A80A663D45}"
EndProject
Project("{9A19103F-16F7-4668-BE54-9A1E7A4F7556}") = "Machina.Tests", "Machina.Tests\Machina.Tests.csproj", "{2EDF0C75-C75C-471C-B93C-F858B66DF1BB}"
EndProject
Project("{9A19103F-16F7-4668-BE54-9A1E7A4F7556}") = "Machina.FFXIV.Tests", "Machina.FFXIV.Tests\Machina.FFXIV.Tests.csproj", "{0AEBA707-7889-4330-9615-48F2C18BEFB4}"
EndProject
Global
	GlobalSection(SolutionConfigurationPlatforms) = preSolution
		Debug|x64 = Debug|x64
		Release|x64 = Release|x64
	EndGlobalSection
	GlobalSection(ProjectConfigurationPlatforms) = postSolution
		{640B1760-6F06-4455-82C0-3027A2CEFC49}.Debug|x64.ActiveCfg = Debug|x64
		{640B1760-6F06-4455-82C0-3027A2CEFC49}.Debug|x64.Build.0 = Debug|x64
		{640B1760-6F06-4455-82C0-3027A2CEFC49}.Release|x64.ActiveCfg = Release|x64
		{640B1760-6F06-4455-82C0-3027A2CEFC49}.Release|x64.Build.0 = Release|x64
		{8873397E-0B05-49E4-8F48-55A80A663D45}.Debug|x64.ActiveCfg = Debug|x64
		{8873397E-0B05-49E4-8F48-55A80A663D45}.Debug|x64.Build.0 = Debug|x64
		{8873397E-0B05-49E4-8F48-55A80A663D45}.Release|x64.ActiveCfg = Release|x64
		{8873397E-0B05-49E4-8F48-55A80A663D45}.Release|x64.Build.0 = Release|x64
		{2EDF0C75-C75C-471C-B93C-F858B66DF1BB}.Debug|x64.ActiveCfg = Debug|x64
		{2EDF0C75-C75C-471C-B93C-F858B66DF1BB}.Debug|x64.Build.0 = Debug|x64
		{2EDF0C75-C75C-471C-B93C-F858B66DF1BB}.Release|x64.ActiveCfg = Release|x64
		{2EDF0C75-C75C-471C-B93C-F858B66DF1BB}.Release|x64.Build.0 = Release|x64
		{0AEBA707-7889-4330-9615-48F2C18BEFB4}.Debug|x64.ActiveCfg = Debug|x64
		{0AEBA707-7889-4330-9615-48F2C18BEFB4}.Debug|x64.Build.0 = Debug|x64
		{0AEBA707-7889-4330-9615-48F2C18BEFB4}.Release|x64.ActiveCfg = Release|x64
		{0AEBA707-7889-4330-9615-48F2C18BEFB4}.Release|x64.Build.0 = Release|x64
	EndGlobalSection
	GlobalSection(SolutionProperties) = preSolution
		HideSolutionNode = FALSE
	EndGlobalSection
	GlobalSection(ExtensibilityGlobals) = postSolution
		SolutionGuid = {7EB23E61-03C0-414B-BEDD-1B6187E31A5D}
	EndGlobalSection
EndGlobal
